
Microsoft Visual Studio Solution File, Format Version 12.00
# Visual Studio Version 17
VisualStudioVersion = 17.9.34622.214
MinimumVisualStudioVersion = 10.0.40219.1
Project("{FAE04EC0-301F-11D3-BF4B-00C04F79EFBC}") = "Todo_list_Refractor_App", "Todo_list_Refractor_App\Todo_list_Refractor_App.csproj", "{994C4831-91EF-411E-A27C-A1557DC49D1B}"
EndProject
Global
	GlobalSection(SolutionConfigurationPlatforms) = preSolution
		Debug|Any CPU = Debug|Any CPU
		Release|Any CPU = Release|Any CPU
	EndGlobalSection
	GlobalSection(ProjectConfigurationPlatforms) = postSolution
		{994C4831-91EF-411E-A27C-A1557DC49D1B}.Debug|Any CPU.ActiveCfg = Debug|Any CPU
		{994C4831-91EF-411E-A27C-A1557DC49D1B}.Debug|Any CPU.Build.0 = Debug|Any CPU
		{994C4831-91EF-411E-A27C-A1557DC49D1B}.Release|Any CPU.ActiveCfg = Release|Any CPU
		{994C4831-91EF-411E-A27C-A1557DC49D1B}.Release|Any CPU.Build.0 = Release|Any CPU
	EndGlobalSection
	GlobalSection(SolutionProperties) = preSolution
		HideSolutionNode = FALSE
	EndGlobalSection
	GlobalSection(ExtensibilityGlobals) = postSolution
		SolutionGuid = {4602BA70-C76C-47C0-8F9F-B12BB2F82C0F}
	EndGlobalSection
EndGlobal
